<?xml version="1.0" encoding="utf-8"?>
<Project ToolsVersion="4.0" xmlns="http://schemas.microsoft.com/developer/msbuild/2003">
  <ItemGroup>
    <ClCompile Include="Camera.cpp" />
    <ClCompile Include="Cube.cpp" />
    <ClCompile Include="cUI.cpp" />
    <ClCompile Include="DeviceManager.cpp" />
    <ClCompile Include="DxTeamPorject.cpp" />
    <ClCompile Include="Grid.cpp" />
    <ClCompile Include="Light.cpp" />
    <ClCompile Include="MainGame.cpp" />
    <ClCompile Include="Pyramid.cpp" />
    <ClCompile Include="stdafx.cpp" />
    <ClCompile Include="SoundManager.cpp">
      <Filter>Sound</Filter>
    </ClCompile>
  </ItemGroup>
  <ItemGroup>
    <ClInclude Include="BasicHeader.h" />
    <ClInclude Include="Camera.h" />
    <ClInclude Include="Cube.h" />
    <ClInclude Include="cUI.h" />
    <ClInclude Include="DeviceManager.h" />
    <ClInclude Include="DxTeamPorject.h" />
    <ClInclude Include="Grid.h" />
    <ClInclude Include="Light.h" />
    <ClInclude Include="MainGame.h" />
    <ClInclude Include="Pyramid.h" />
    <ClInclude Include="Resource.h" />
    <ClInclude Include="stdafx.h" />
    <ClInclude Include="targetver.h" />
    <ClInclude Include="fmod.h">
      <Filter>Sound</Filter>
    </ClInclude>
    <ClInclude Include="fmod.hpp">
      <Filter>Sound</Filter>
    </ClInclude>
    <ClInclude Include="fmod_codec.h">
      <Filter>Sound</Filter>
    </ClInclude>
    <ClInclude Include="fmod_dsp.h">
      <Filter>Sound</Filter>
    </ClInclude>
    <ClInclude Include="fmod_memoryinfo.h">
      <Filter>Sound</Filter>
    </ClInclude>
    <ClInclude Include="SoundManager.h">
      <Filter>Sound</Filter>
    </ClInclude>
  </ItemGroup>
  <ItemGroup>
    <ResourceCompile Include="DxTeamPorject.rc" />
  </ItemGroup>
  <ItemGroup>
    <Image Include="DxTeamPorject.ico" />
    <Image Include="small.ico" />
  </ItemGroup>
  <ItemGroup>
    <Text Include="ReadMe.txt" />
  </ItemGroup>
  <ItemGroup>
    <Filter Include="Sound">
      <UniqueIdentifier>{1cb4280c-1c78-4169-8111-2b4e7818b09c}</UniqueIdentifier>
    </Filter>
  </ItemGroup>
</Project>