<?xml version="1.0" encoding="utf-8"?>
<Project ToolsVersion="4.0" xmlns="http://schemas.microsoft.com/developer/msbuild/2003">
  <ItemGroup>
    <Filter Include="Source Files">
      <UniqueIdentifier>{4FC737F1-C7A5-4376-A066-2A32D752A2FF}</UniqueIdentifier>
      <Extensions>cpp;c;cc;cxx;def;odl;idl;hpj;bat;asm;asmx</Extensions>
    </Filter>
    <Filter Include="Header Files">
      <UniqueIdentifier>{93995380-89BD-4b04-88EB-625FBE52EBFB}</UniqueIdentifier>
      <Extensions>h;hh;hpp;hxx;hm;inl;inc;xsd</Extensions>
    </Filter>
    <Filter Include="Resource Files">
      <UniqueIdentifier>{67DA6AB6-F800-4c08-8B7A-83BB121AAD01}</UniqueIdentifier>
      <Extensions>rc;ico;cur;bmp;dlg;rc2;rct;bin;rgs;gif;jpg;jpeg;jpe;resx;tiff;tif;png;wav;mfcribbon-ms</Extensions>
    </Filter>
    <Filter Include="00. Heder">
      <UniqueIdentifier>{a8a39bbb-8f2e-4525-8ae1-0ad5f3ab0598}</UniqueIdentifier>
    </Filter>
    <Filter Include="00_1. MainGame">
      <UniqueIdentifier>{0672e31c-4b3e-4e05-ae1b-d332c796b936}</UniqueIdentifier>
    </Filter>
    <Filter Include="00_2. Camera">
      <UniqueIdentifier>{a5e91a21-ff6c-4207-9ed6-f263adc08a4c}</UniqueIdentifier>
    </Filter>
    <Filter Include="00_3.Cube">
      <UniqueIdentifier>{6a2427ee-1f53-4361-a264-9986c90b80e1}</UniqueIdentifier>
    </Filter>
    <Filter Include="00_4.Light">
      <UniqueIdentifier>{ccbaa62f-59c2-4e7f-a82a-aeafdb60c8b1}</UniqueIdentifier>
    </Filter>
  </ItemGroup>
  <ItemGroup>
    <Text Include="ReadMe.txt" />
  </ItemGroup>
  <ItemGroup>
    <ClInclude Include="targetver.h">
      <Filter>Header Files</Filter>
    </ClInclude>
    <ClInclude Include="Resource.h">
      <Filter>Header Files</Filter>
    </ClInclude>
    <ClInclude Include="DxTeamPorject.h">
      <Filter>Header Files</Filter>
    </ClInclude>
    <ClInclude Include="stdafx.h">
      <Filter>00. Heder</Filter>
    </ClInclude>
    <ClInclude Include="BasicHeader.h">
      <Filter>00. Heder</Filter>
    </ClInclude>
    <ClInclude Include="MainGame.h">
      <Filter>00_1. MainGame</Filter>
    </ClInclude>
    <ClInclude Include="DeviceManager.h">
      <Filter>00_1. MainGame</Filter>
    </ClInclude>
    <ClInclude Include="Camera.h">
      <Filter>00_2. Camera</Filter>
    </ClInclude>
    <ClInclude Include="Cube.h">
      <Filter>00_3.Cube</Filter>
    </ClInclude>
    <ClInclude Include="Light.h">
      <Filter>Header Files</Filter>
    </ClInclude>
  </ItemGroup>
  <ItemGroup>
    <ClCompile Include="stdafx.cpp">
      <Filter>Source Files</Filter>
    </ClCompile>
    <ClCompile Include="DxTeamPorject.cpp">
      <Filter>Source Files</Filter>
    </ClCompile>
    <ClCompile Include="MainGame.cpp">
      <Filter>00_1. MainGame</Filter>
    </ClCompile>
    <ClCompile Include="DeviceManager.cpp">
      <Filter>00_1. MainGame</Filter>
    </ClCompile>
    <ClCompile Include="Camera.cpp">
      <Filter>00_2. Camera</Filter>
    </ClCompile>
    <ClCompile Include="Cube.cpp">
      <Filter>00_3.Cube</Filter>
    </ClCompile>
    <ClCompile Include="Light.cpp">
      <Filter>Source Files</Filter>
    </ClCompile>
  </ItemGroup>
  <ItemGroup>
    <ResourceCompile Include="DxTeamPorject.rc">
      <Filter>Resource Files</Filter>
    </ResourceCompile>
  </ItemGroup>
  <ItemGroup>
    <Image Include="small.ico">
      <Filter>Resource Files</Filter>
    </Image>
    <Image Include="DxTeamPorject.ico">
      <Filter>Resource Files</Filter>
    </Image>
  </ItemGroup>
</Project>