<?xml version="1.0" encoding="utf-8"?>
<Project ToolsVersion="4.0" xmlns="http://schemas.microsoft.com/developer/msbuild/2003">
  <ItemGroup>
    <ClCompile Include="Camera.cpp">
      <Filter>Camera</Filter>
    </ClCompile>
    <ClCompile Include="Light.cpp">
      <Filter>Light</Filter>
    </ClCompile>
    <ClCompile Include="Pyramid.cpp">
      <Filter>Grid</Filter>
    </ClCompile>
    <ClCompile Include="Grid.cpp">
      <Filter>Grid</Filter>
    </ClCompile>
    <ClCompile Include="stdafx.cpp">
      <Filter>Source</Filter>
    </ClCompile>
    <ClCompile Include="DeviceManager.cpp">
      <Filter>Source</Filter>
    </ClCompile>
    <ClCompile Include="UI.cpp">
      <Filter>UI</Filter>
    </ClCompile>
    <ClCompile Include="FontManager.cpp">
      <Filter>Fps</Filter>
    </ClCompile>
    <ClCompile Include="Text.cpp">
      <Filter>Fps</Filter>
    </ClCompile>
    <ClCompile Include="OBB.cpp">
      <Filter>Collider</Filter>
    </ClCompile>
    <ClCompile Include="Frustum.cpp">
      <Filter>Map</Filter>
    </ClCompile>
    <ClCompile Include="IMap.cpp">
      <Filter>Map</Filter>
    </ClCompile>
    <ClCompile Include="GridMap.cpp">
      <Filter>Map\GridMap</Filter>
    </ClCompile>
    <ClCompile Include="DxTeamProject.cpp">
      <Filter>Source</Filter>
    </ClCompile>
    <ClCompile Include="Character.cpp">
      <Filter>Player</Filter>
    </ClCompile>
    <ClCompile Include="Ray.cpp">
      <Filter>Camera</Filter>
    </ClCompile>
    <ClCompile Include="Particle.cpp">
      <Filter>...TrashCan\PhysicsOld\Physics_Particle</Filter>
    </ClCompile>
    <ClCompile Include="ParticleWorld.cpp">
      <Filter>...TrashCan\PhysicsOld\Physics_Particle</Filter>
    </ClCompile>
    <ClCompile Include="EventManager.cpp">
      <Filter>Manager</Filter>
    </ClCompile>
    <ClCompile Include="GameManager.cpp">
      <Filter>Manager</Filter>
    </ClCompile>
    <ClCompile Include="IListener.cpp">
      <Filter>Manager</Filter>
    </ClCompile>
    <ClCompile Include="Object.cpp">
      <Filter>Object</Filter>
    </ClCompile>
    <ClCompile Include="ParticleContact.cpp">
      <Filter>...TrashCan\PhysicsOld\Physics_Particle\Collider</Filter>
    </ClCompile>
    <ClCompile Include="ParticleForceGenerator.cpp">
      <Filter>...TrashCan\PhysicsOld\Physics_Particle\Force\0... General</Filter>
    </ClCompile>
    <ClCompile Include="ParticleForceRegistry.cpp">
      <Filter>...TrashCan\PhysicsOld\Physics_Particle\Force\0... General</Filter>
    </ClCompile>
    <ClCompile Include="ParticleGravity.cpp">
      <Filter>...TrashCan\PhysicsOld\Physics_Particle\Force\1... Gravity</Filter>
    </ClCompile>
    <ClCompile Include="ParticlePusingForce.cpp">
      <Filter>...TrashCan\PhysicsOld\Physics_Particle\Force\2... PusingForce</Filter>
    </ClCompile>
    <ClCompile Include="ParticleDrag.cpp">
      <Filter>...TrashCan\PhysicsOld\Physics_Particle\Force\3... Drag</Filter>
    </ClCompile>
    <ClCompile Include="ParticleContactGenerator.cpp">
      <Filter>...TrashCan\PhysicsOld\Physics_Particle\Collider</Filter>
    </ClCompile>
    <ClCompile Include="Xfile.cpp">
      <Filter>...TrashCan\Xfile</Filter>
    </ClCompile>
    <ClCompile Include="ParticleContactResolver.cpp">
      <Filter>...TrashCan\PhysicsOld\Physics_Particle\Collider</Filter>
    </ClCompile>
    <ClCompile Include="ForceGenerator.cpp">
      <Filter>...TrashCan\PhysicsOld\Physics_Rigidbody</Filter>
    </ClCompile>
    <ClCompile Include="Gravity.cpp">
      <Filter>...TrashCan\PhysicsOld\Physics_Rigidbody</Filter>
    </ClCompile>
    <ClCompile Include="HeightMap.cpp">
      <Filter>...TrashCan\PhysicsOld\Physics_Example\Drag</Filter>
    </ClCompile>
    <ClCompile Include="PhysicsPlayer.cpp">
      <Filter>...TrashCan\PhysicsOld\Physics_Example\Drag</Filter>
    </ClCompile>
    <ClCompile Include="PhysicsSphere.cpp">
      <Filter>...TrashCan\PhysicsOld</Filter>
    </ClCompile>
    <ClCompile Include="Wall.cpp">
      <Filter>...TrashCan\PhysicsOld</Filter>
    </ClCompile>
    <ClCompile Include="PhysicsObject.cpp">
      <Filter>...TrashCan\PhysicsOld</Filter>
    </ClCompile>
    <ClCompile Include="TimeManager.cpp">
      <Filter>Manager</Filter>
    </ClCompile>
    <ClCompile Include="FileLoadManager.cpp">
      <Filter>Manager</Filter>
    </ClCompile>
    <ClCompile Include="SoundManager.cpp">
      <Filter>Manager</Filter>
    </ClCompile>
    <ClCompile Include="Tile.cpp">
      <Filter>Object\IObject\Tile</Filter>
    </ClCompile>
    <ClCompile Include="SkinnedMesh.cpp">
      <Filter>SkinnedMesh</Filter>
    </ClCompile>
    <ClCompile Include="AllocateHierarchy.cpp">
      <Filter>SkinnedMesh</Filter>
    </ClCompile>
    <ClCompile Include="RigidBody.cpp">
      <Filter>...TrashCan\Physics\cyclone</Filter>
    </ClCompile>
    <ClCompile Include="Contact.cpp">
      <Filter>...TrashCan\Physics\cyclone</Filter>
    </ClCompile>
    <ClCompile Include="MainGame.cpp" />
    <ClCompile Include="ReleaseTimer.cpp">
      <Filter>...TrashCan</Filter>
    </ClCompile>
    <ClCompile Include="Cube.cpp">
      <Filter>...TrashCan\PhysicsOld</Filter>
    </ClCompile>
    <ClCompile Include="PSBox.cpp">
      <Filter>...TrashCan\PhysicsOld</Filter>
    </ClCompile>
    <ClCompile Include="PSCylinder.cpp">
      <Filter>...TrashCan\PhysicsOld</Filter>
    </ClCompile>
    <ClCompile Include="PSphere.cpp">
      <Filter>...TrashCan\PhysicsOld</Filter>
    </ClCompile>
    <ClCompile Include="Background.cpp">
      <Filter>Object\IObject\Background</Filter>
    </ClCompile>
    <ClCompile Include="IObject.cpp">
      <Filter>Object\IObject</Filter>
    </ClCompile>
    <ClCompile Include="Gimmick.cpp">
      <Filter>Object\IObject\Gimmick</Filter>
    </ClCompile>
    <ClCompile Include="World.cpp">
      <Filter>...TrashCan\PhysicsOld</Filter>
    </ClCompile>
    <ClCompile Include="TestAngleSet.cpp">
      <Filter>...TrashCan\Physics</Filter>
    </ClCompile>
    <ClCompile Include="TestCollision.cpp">
      <Filter>...TrashCan\PhysicsOld</Filter>
    </ClCompile>
    <ClCompile Include="TestForce.cpp">
      <Filter>...TrashCan\PhysicsOld</Filter>
    </ClCompile>
    <ClCompile Include="TestObjCollision.cpp">
      <Filter>...TrashCan\PhysicsOld</Filter>
    </ClCompile>
    <ClCompile Include="TestRigidBody.cpp">
      <Filter>...TrashCan\PhysicsOld</Filter>
    </ClCompile>
    <ClCompile Include="Collision.cpp">
      <Filter>...TrashCan\Physics\cyclone</Filter>
    </ClCompile>
    <ClCompile Include="Box.cpp">
      <Filter>Object\PObject\Box</Filter>
    </ClCompile>
    <ClCompile Include="Sphere.cpp">
      <Filter>Object\PObject\Sphere</Filter>
    </ClCompile>
    <ClCompile Include="Cylinder.cpp">
      <Filter>Object\PObject\Cylinder</Filter>
    </ClCompile>
    <ClCompile Include="Book.cpp">
      <Filter>Object\IObject\Item</Filter>
    </ClCompile>
    <ClCompile Include="Orb.cpp">
      <Filter>Object\IObject\Item</Filter>
    </ClCompile>
    <ClCompile Include="ColliderObject.cpp">
      <Filter>...TrashCan</Filter>
    </ClCompile>
    <ClCompile Include="PSOBB.cpp">
      <Filter>...TrashCan</Filter>
    </ClCompile>
    <ClCompile Include="PObject.cpp">
      <Filter>Object\PObject</Filter>
    </ClCompile>
    <ClCompile Include="Dragon.cpp">
      <Filter>Player</Filter>
    </ClCompile>
    <ClCompile Include="ObjectManager.cpp">
      <Filter>Object</Filter>
    </ClCompile>
    <ClCompile Include="Scene.cpp">
      <Filter>Scene</Filter>
    </ClCompile>
    <ClCompile Include="Item.cpp">
      <Filter>Object\IObject\Item</Filter>
    </ClCompile>
    <ClCompile Include="Trace.cpp">
      <Filter>Object\IObject\Item</Filter>
    </ClCompile>
    <ClCompile Include="PhysicsObjectManager.cpp">
      <Filter>...TrashCan</Filter>
    </ClCompile>
    <ClCompile Include="EventTrigger.cpp">
      <Filter>Object\IObject\Trigger</Filter>
    </ClCompile>
    <ClCompile Include="CHeight.cpp">
      <Filter>...TrashCan</Filter>
    </ClCompile>
    <ClCompile Include="MeshTile.cpp">
      <Filter>...TrashCan</Filter>
    </ClCompile>
    <ClCompile Include="BreakableWall.cpp">
      <Filter>...TrashCan</Filter>
    </ClCompile>
    <ClCompile Include="Switch.cpp">
      <Filter>Object\IObject\Gimmick</Filter>
    </ClCompile>
    <ClCompile Include="Door.cpp">
      <Filter>Object\IObject\Gimmick</Filter>
    </ClCompile>
    <ClCompile Include="RotationBoard.cpp">
      <Filter>Object\IObject\Gimmick</Filter>
    </ClCompile>
    <ClCompile Include="Colorchanger.cpp">
      <Filter>...TrashCan</Filter>
    </ClCompile>
    <ClCompile Include="MovingCube.cpp">
      <Filter>Object\IObject\Gimmick</Filter>
    </ClCompile>
    <ClCompile Include="Skydome.cpp">
      <Filter>Map</Filter>
    </ClCompile>
    <ClCompile Include="Map.cpp" />
  </ItemGroup>
  <ItemGroup>
    <ClInclude Include="fmod.h">
      <Filter>Sound</Filter>
    </ClInclude>
    <ClInclude Include="fmod.hpp">
      <Filter>Sound</Filter>
    </ClInclude>
    <ClInclude Include="fmod_codec.h">
      <Filter>Sound</Filter>
    </ClInclude>
    <ClInclude Include="fmod_dsp.h">
      <Filter>Sound</Filter>
    </ClInclude>
    <ClInclude Include="fmod_memoryinfo.h">
      <Filter>Sound</Filter>
    </ClInclude>
    <ClInclude Include="Camera.h">
      <Filter>Camera</Filter>
    </ClInclude>
    <ClInclude Include="Light.h">
      <Filter>Light</Filter>
    </ClInclude>
    <ClInclude Include="Pyramid.h">
      <Filter>Grid</Filter>
    </ClInclude>
    <ClInclude Include="Grid.h">
      <Filter>Grid</Filter>
    </ClInclude>
    <ClInclude Include="DeviceManager.h">
      <Filter>Header</Filter>
    </ClInclude>
    <ClInclude Include="targetver.h">
      <Filter>Header</Filter>
    </ClInclude>
    <ClInclude Include="Resource.h">
      <Filter>Resource</Filter>
    </ClInclude>
    <ClInclude Include="UI.h">
      <Filter>UI</Filter>
    </ClInclude>
    <ClInclude Include="FontManager.h">
      <Filter>Fps</Filter>
    </ClInclude>
    <ClInclude Include="Text.h">
      <Filter>Fps</Filter>
    </ClInclude>
    <ClInclude Include="OBB.h">
      <Filter>Collider</Filter>
    </ClInclude>
    <ClInclude Include="IMap.h">
      <Filter>Map</Filter>
    </ClInclude>
    <ClInclude Include="Frustum.h">
      <Filter>Map</Filter>
    </ClInclude>
    <ClInclude Include="GridMap.h">
      <Filter>Map\GridMap</Filter>
    </ClInclude>
    <ClInclude Include="DxTeamProject.h">
      <Filter>Header</Filter>
    </ClInclude>
    <ClInclude Include="Character.h">
      <Filter>Player</Filter>
    </ClInclude>
    <ClInclude Include="Ray.h">
      <Filter>Camera</Filter>
    </ClInclude>
    <ClInclude Include="Particle.h">
      <Filter>...TrashCan\PhysicsOld\Physics_Particle</Filter>
    </ClInclude>
    <ClInclude Include="ParticleWorld.h">
      <Filter>...TrashCan\PhysicsOld\Physics_Particle</Filter>
    </ClInclude>
    <ClInclude Include="EventManager.h">
      <Filter>Manager</Filter>
    </ClInclude>
    <ClInclude Include="GameManager.h">
      <Filter>Manager</Filter>
    </ClInclude>
    <ClInclude Include="IListener.h">
      <Filter>Manager</Filter>
    </ClInclude>
    <ClInclude Include="stdafx.h" />
    <ClInclude Include="Singleton.h">
      <Filter>Manager</Filter>
    </ClInclude>
    <ClInclude Include="Object.h">
      <Filter>Object</Filter>
    </ClInclude>
    <ClInclude Include="ParticleContact.h">
      <Filter>...TrashCan\PhysicsOld\Physics_Particle\Collider</Filter>
    </ClInclude>
    <ClInclude Include="ParticleForceGenerator.h">
      <Filter>...TrashCan\PhysicsOld\Physics_Particle\Force\0... General</Filter>
    </ClInclude>
    <ClInclude Include="ParticleForceRegistry.h">
      <Filter>...TrashCan\PhysicsOld\Physics_Particle\Force\0... General</Filter>
    </ClInclude>
    <ClInclude Include="ParticleGravity.h">
      <Filter>...TrashCan\PhysicsOld\Physics_Particle\Force\1... Gravity</Filter>
    </ClInclude>
    <ClInclude Include="ParticlePusingForce.h">
      <Filter>...TrashCan\PhysicsOld\Physics_Particle\Force\2... PusingForce</Filter>
    </ClInclude>
    <ClInclude Include="ParticleDrag.h">
      <Filter>...TrashCan\PhysicsOld\Physics_Particle\Force\3... Drag</Filter>
    </ClInclude>
    <ClInclude Include="ParticleContactGenerator.h">
      <Filter>...TrashCan\PhysicsOld\Physics_Particle\Collider</Filter>
    </ClInclude>
    <ClInclude Include="Xfile.h">
      <Filter>...TrashCan\Xfile</Filter>
    </ClInclude>
    <ClInclude Include="ParticleContactResolver.h">
      <Filter>...TrashCan\PhysicsOld\Physics_Particle\Collider</Filter>
    </ClInclude>
    <ClInclude Include="ForceGenerator.h">
      <Filter>...TrashCan\PhysicsOld\Physics_Rigidbody</Filter>
    </ClInclude>
    <ClInclude Include="Gravity.h">
      <Filter>...TrashCan\PhysicsOld\Physics_Rigidbody</Filter>
    </ClInclude>
    <ClInclude Include="HeightMap.h">
      <Filter>...TrashCan\PhysicsOld\Physics_Example\Drag</Filter>
    </ClInclude>
    <ClInclude Include="PhysicsPlayer.h">
      <Filter>...TrashCan\PhysicsOld\Physics_Example\Drag</Filter>
    </ClInclude>
    <ClInclude Include="PhysicsSphere.h">
      <Filter>...TrashCan\PhysicsOld</Filter>
    </ClInclude>
    <ClInclude Include="Wall.h">
      <Filter>...TrashCan\PhysicsOld</Filter>
    </ClInclude>
    <ClInclude Include="PhysicsObject.h">
      <Filter>...TrashCan\PhysicsOld</Filter>
    </ClInclude>
    <ClInclude Include="TimeManager.h">
      <Filter>Manager</Filter>
    </ClInclude>
    <ClInclude Include="FileLoadManager.h">
      <Filter>Manager</Filter>
    </ClInclude>
    <ClInclude Include="SoundManager.h">
      <Filter>Manager</Filter>
    </ClInclude>
    <ClInclude Include="Tile.h">
      <Filter>Object\IObject\Tile</Filter>
    </ClInclude>
    <ClInclude Include="SkinnedMesh.h">
      <Filter>SkinnedMesh</Filter>
    </ClInclude>
    <ClInclude Include="AllocateHierarchy.h">
      <Filter>SkinnedMesh</Filter>
    </ClInclude>
    <ClInclude Include="RigidBody.h">
      <Filter>...TrashCan\Physics\cyclone</Filter>
    </ClInclude>
    <ClInclude Include="Contact.h">
      <Filter>...TrashCan\Physics\cyclone</Filter>
    </ClInclude>
    <ClInclude Include="ReleaseTimer.h">
      <Filter>...TrashCan</Filter>
    </ClInclude>
    <ClInclude Include="Cube.h">
      <Filter>...TrashCan\PhysicsOld</Filter>
    </ClInclude>
    <ClInclude Include="PSBox.h">
      <Filter>...TrashCan\PhysicsOld</Filter>
    </ClInclude>
    <ClInclude Include="PSCylinder.h">
      <Filter>...TrashCan\PhysicsOld</Filter>
    </ClInclude>
    <ClInclude Include="PSphere.h">
      <Filter>...TrashCan\PhysicsOld</Filter>
    </ClInclude>
    <ClInclude Include="Background.h">
      <Filter>Object\IObject\Background</Filter>
    </ClInclude>
    <ClInclude Include="IObject.h">
      <Filter>Object\IObject</Filter>
    </ClInclude>
    <ClInclude Include="Gimmick.h">
      <Filter>Object\IObject\Gimmick</Filter>
    </ClInclude>
    <ClInclude Include="World.h">
      <Filter>...TrashCan\PhysicsOld</Filter>
    </ClInclude>
    <ClInclude Include="TestAngleSet.h">
      <Filter>...TrashCan\Physics</Filter>
    </ClInclude>
    <ClInclude Include="TestCollision.h">
      <Filter>...TrashCan\PhysicsOld</Filter>
    </ClInclude>
    <ClInclude Include="TestForce.h">
      <Filter>...TrashCan\PhysicsOld</Filter>
    </ClInclude>
    <ClInclude Include="TestObjCollision.h">
      <Filter>...TrashCan\PhysicsOld</Filter>
    </ClInclude>
    <ClInclude Include="TestRigidBody.h">
      <Filter>...TrashCan\PhysicsOld</Filter>
    </ClInclude>
    <ClInclude Include="Collision.h">
      <Filter>...TrashCan\Physics\cyclone</Filter>
    </ClInclude>
    <ClInclude Include="Box.h">
      <Filter>Object\PObject\Box</Filter>
    </ClInclude>
    <ClInclude Include="Sphere.h">
      <Filter>Object\PObject\Sphere</Filter>
    </ClInclude>
    <ClInclude Include="Cylinder.h">
      <Filter>Object\PObject\Cylinder</Filter>
    </ClInclude>
    <ClInclude Include="Book.h">
      <Filter>Object\IObject\Item</Filter>
    </ClInclude>
    <ClInclude Include="Orb.h">
      <Filter>Object\IObject\Item</Filter>
    </ClInclude>
    <ClInclude Include="ColliderObject.h">
      <Filter>...TrashCan</Filter>
    </ClInclude>
    <ClInclude Include="MainGame.h" />
    <ClInclude Include="PSOBB.h">
      <Filter>...TrashCan</Filter>
    </ClInclude>
    <ClInclude Include="PObject.h">
      <Filter>Object\PObject</Filter>
    </ClInclude>
    <ClInclude Include="Dragon.h">
      <Filter>Player</Filter>
    </ClInclude>
    <ClInclude Include="ObjectManager.h">
      <Filter>Object</Filter>
    </ClInclude>
    <ClInclude Include="Scene.h">
      <Filter>Scene</Filter>
    </ClInclude>
    <ClInclude Include="Item.h">
      <Filter>Object\IObject\Item</Filter>
    </ClInclude>
    <ClInclude Include="Trace.h">
      <Filter>Object\IObject\Item</Filter>
    </ClInclude>
    <ClInclude Include="PhysicsObjectManager.h">
      <Filter>...TrashCan</Filter>
    </ClInclude>
    <ClInclude Include="EventTrigger.h">
      <Filter>Object\IObject\Trigger</Filter>
    </ClInclude>
    <ClInclude Include="CHeight.h">
      <Filter>...TrashCan</Filter>
    </ClInclude>
    <ClInclude Include="MeshTile.h">
      <Filter>...TrashCan</Filter>
    </ClInclude>
    <ClInclude Include="BreakableWall.h">
      <Filter>...TrashCan</Filter>
    </ClInclude>
    <ClInclude Include="Switch.h">
      <Filter>Object\IObject\Gimmick</Filter>
    </ClInclude>
    <ClInclude Include="Door.h">
      <Filter>Object\IObject\Gimmick</Filter>
    </ClInclude>
    <ClInclude Include="RotationBoard.h">
      <Filter>Object\IObject\Gimmick</Filter>
    </ClInclude>
    <ClInclude Include="Colorchanger.h">
      <Filter>...TrashCan</Filter>
    </ClInclude>
    <ClInclude Include="MovingCube.h">
      <Filter>Object\IObject\Gimmick</Filter>
    </ClInclude>
    <ClInclude Include="Skydome.h">
      <Filter>Map</Filter>
    </ClInclude>
    <ClInclude Include="Map.h" />
  </ItemGroup>
  <ItemGroup>
    <Image Include="small.ico">
      <Filter>Resource</Filter>
    </Image>
    <Image Include="Colorful_Travel.ico">
      <Filter>Resource</Filter>
    </Image>
    <Image Include="DxTeamProject.ico">
      <Filter>Resource</Filter>
    </Image>
  </ItemGroup>
  <ItemGroup>
    <Text Include="ReadMe.txt" />
  </ItemGroup>
  <ItemGroup>
    <Filter Include="Sound">
      <UniqueIdentifier>{1cb4280c-1c78-4169-8111-2b4e7818b09c}</UniqueIdentifier>
    </Filter>
    <Filter Include="Fps">
      <UniqueIdentifier>{2a8afa16-9c00-4d5b-be8e-e57b0c956de2}</UniqueIdentifier>
    </Filter>
    <Filter Include="Camera">
      <UniqueIdentifier>{1212ae98-26b0-4bc5-aa14-a0a1c05ddb37}</UniqueIdentifier>
    </Filter>
    <Filter Include="Light">
      <UniqueIdentifier>{69bd9bbd-9355-496e-a841-9615de3ea8f9}</UniqueIdentifier>
    </Filter>
    <Filter Include="Grid">
      <UniqueIdentifier>{f49ecafc-a35e-4da2-888f-08adfc910a10}</UniqueIdentifier>
    </Filter>
    <Filter Include="UI">
      <UniqueIdentifier>{dd665daa-979a-46e4-b720-6d863eed202f}</UniqueIdentifier>
    </Filter>
    <Filter Include="Resource">
      <UniqueIdentifier>{281bfd11-2ba5-4195-b519-7b541697e431}</UniqueIdentifier>
    </Filter>
    <Filter Include="Player">
      <UniqueIdentifier>{5a3dc30d-86d4-4f6b-a1d1-184aa6266167}</UniqueIdentifier>
    </Filter>
    <Filter Include="Header">
      <UniqueIdentifier>{1ab2f460-83fc-4be0-8d64-ce8956f3d453}</UniqueIdentifier>
    </Filter>
    <Filter Include="Source">
      <UniqueIdentifier>{d5211f99-4a0d-4050-b823-b1f08136988e}</UniqueIdentifier>
    </Filter>
    <Filter Include="Collider">
      <UniqueIdentifier>{689759b5-f406-41f2-8cec-453b65cd2b34}</UniqueIdentifier>
    </Filter>
    <Filter Include="Map">
      <UniqueIdentifier>{5fda7b83-e918-4258-9e6c-0e6475f3b481}</UniqueIdentifier>
    </Filter>
    <Filter Include="Map\GridMap">
      <UniqueIdentifier>{a9dadde6-6054-40d9-962c-ffd8e58769bd}</UniqueIdentifier>
    </Filter>
    <Filter Include="Manager">
      <UniqueIdentifier>{af4b9a62-73b4-4067-8d39-452aaca773fa}</UniqueIdentifier>
    </Filter>
    <Filter Include="Object">
      <UniqueIdentifier>{ebfb21f7-f659-4d66-b0c1-4e6fca5611dd}</UniqueIdentifier>
    </Filter>
    <Filter Include="...TrashCan">
      <UniqueIdentifier>{ca5cac3f-681d-4e19-823a-36efbbf714fa}</UniqueIdentifier>
    </Filter>
    <Filter Include="SkinnedMesh">
      <UniqueIdentifier>{8b7bbd42-1924-48c4-91af-f7fa2e255a85}</UniqueIdentifier>
    </Filter>
    <Filter Include="Object\IObject">
      <UniqueIdentifier>{7cc9c122-b989-43f0-8e50-c350f175cde7}</UniqueIdentifier>
    </Filter>
    <Filter Include="Object\IObject\Tile">
      <UniqueIdentifier>{5becf119-4d39-4d39-a36b-44ee9bbd76bc}</UniqueIdentifier>
    </Filter>
    <Filter Include="Object\IObject\Gimmick">
      <UniqueIdentifier>{160a779f-9356-4325-b722-a130a8535a68}</UniqueIdentifier>
    </Filter>
    <Filter Include="Object\IObject\Background">
      <UniqueIdentifier>{a49bcd63-58f5-415e-9448-81b2e3b9ea33}</UniqueIdentifier>
    </Filter>
    <Filter Include="Object\PObject">
      <UniqueIdentifier>{4b290806-0933-438b-a00a-8f9d672e0afd}</UniqueIdentifier>
    </Filter>
    <Filter Include="Object\PObject\Box">
      <UniqueIdentifier>{da61f593-880a-489f-9bf0-7512b41e05ea}</UniqueIdentifier>
    </Filter>
    <Filter Include="Object\PObject\Sphere">
      <UniqueIdentifier>{1653a841-07af-4f7a-a419-054b9ef0c0e7}</UniqueIdentifier>
    </Filter>
    <Filter Include="Object\PObject\Cylinder">
      <UniqueIdentifier>{9389d931-ad98-4062-8288-90086b353f59}</UniqueIdentifier>
    </Filter>
    <Filter Include="Object\IObject\Item">
      <UniqueIdentifier>{a6d6953f-eac0-4f97-b946-0a41d2ce9894}</UniqueIdentifier>
    </Filter>
    <Filter Include="...TrashCan\PhysicsOld">
      <UniqueIdentifier>{5fe0e44b-4f38-402f-b055-0187a8aa291a}</UniqueIdentifier>
    </Filter>
    <Filter Include="...TrashCan\PhysicsOld\Physics_Example">
      <UniqueIdentifier>{5e6ef1d5-e454-4d82-9659-2819e21f8aa2}</UniqueIdentifier>
    </Filter>
    <Filter Include="...TrashCan\PhysicsOld\Physics_Example\Drag">
      <UniqueIdentifier>{3db19872-9cca-4ff4-8e0a-db735ded8337}</UniqueIdentifier>
    </Filter>
    <Filter Include="...TrashCan\PhysicsOld\Physics_Example\Balls">
      <UniqueIdentifier>{334931e2-edca-4d35-801d-a89e5d3765c0}</UniqueIdentifier>
    </Filter>
    <Filter Include="...TrashCan\PhysicsOld\Physics_Particle">
      <UniqueIdentifier>{3b98db7b-735a-44c2-b164-89fc9bcfc99b}</UniqueIdentifier>
    </Filter>
    <Filter Include="...TrashCan\PhysicsOld\Physics_Particle\Force">
      <UniqueIdentifier>{08dc4132-f85b-45fa-8a2d-ca0f8760370d}</UniqueIdentifier>
    </Filter>
    <Filter Include="...TrashCan\PhysicsOld\Physics_Particle\Force\0... General">
      <UniqueIdentifier>{0bb48b78-9422-42b7-a24e-35c82d3e7bb3}</UniqueIdentifier>
    </Filter>
    <Filter Include="...TrashCan\PhysicsOld\Physics_Particle\Force\1... Gravity">
      <UniqueIdentifier>{d174e938-bea9-41a1-9e71-0bc50c8e09ef}</UniqueIdentifier>
    </Filter>
    <Filter Include="...TrashCan\PhysicsOld\Physics_Particle\Force\2... PusingForce">
      <UniqueIdentifier>{db4f9bca-6d95-43a4-a452-d5035898332e}</UniqueIdentifier>
    </Filter>
    <Filter Include="...TrashCan\PhysicsOld\Physics_Particle\Force\3... Drag">
      <UniqueIdentifier>{e4eb3c3c-385a-4e2b-80bc-267753729587}</UniqueIdentifier>
    </Filter>
    <Filter Include="...TrashCan\PhysicsOld\Physics_Particle\Collider">
      <UniqueIdentifier>{bc66cea3-8d2e-4906-bbee-4e2e2206bf90}</UniqueIdentifier>
    </Filter>
    <Filter Include="...TrashCan\PhysicsOld\Physics_Rigidbody">
      <UniqueIdentifier>{cb8b0dd8-e16f-41de-9434-d30d86f8a7d0}</UniqueIdentifier>
    </Filter>
    <Filter Include="...TrashCan\Physics">
      <UniqueIdentifier>{a71dbcd1-0566-48ba-ab36-adfff846e2f0}</UniqueIdentifier>
    </Filter>
    <Filter Include="...TrashCan\Physics\cyclone">
      <UniqueIdentifier>{00e05eae-24f5-4dfb-9fc3-f0105fd54c0e}</UniqueIdentifier>
    </Filter>
    <Filter Include="Scene">
      <UniqueIdentifier>{8f11bd14-6ae4-4eed-ae82-786400494f04}</UniqueIdentifier>
    </Filter>
    <Filter Include="Object\IObject\Trigger">
      <UniqueIdentifier>{95a9eed5-31e0-4296-8618-5cb06804aa82}</UniqueIdentifier>
    </Filter>
    <Filter Include="...TrashCan\Xfile">
      <UniqueIdentifier>{ac0d07fd-91b0-4b6a-aaec-5117f95bdd34}</UniqueIdentifier>
    </Filter>
  </ItemGroup>
  <ItemGroup>
    <ResourceCompile Include="DxTeamProject.rc">
      <Filter>Resource</Filter>
    </ResourceCompile>
  </ItemGroup>
</Project>